// !$*UTF8*$!
{
	archiveVersion = 1;
	classes = {
	};
	objectVersion = 50;
	objects = {

/* Begin PBXBuildFile section */
		BD416315207401520025050D /* DictionaryServicesWrapper.framework in Frameworks */ = {isa = PBXBuildFile; fileRef = BD416314207401520025050D /* DictionaryServicesWrapper.framework */; };
		BD46272C20799E7300757D5E /* WotDEntry.m in Sources */ = {isa = PBXBuildFile; fileRef = BD46272B20799E7300757D5E /* WotDEntry.m */; };
		BDBB4C6420740093006071F5 /* main.m in Sources */ = {isa = PBXBuildFile; fileRef = BDBB4C6320740093006071F5 /* main.m */; };
/* End PBXBuildFile section */

/* Begin PBXFileReference section */
		BD416314207401520025050D /* DictionaryServicesWrapper.framework */ = {isa = PBXFileReference; explicitFileType = wrapper.framework; path = DictionaryServicesWrapper.framework; sourceTree = BUILT_PRODUCTS_DIR; };
		BD46272A20799E7300757D5E /* WotDEntry.h */ = {isa = PBXFileReference; lastKnownFileType = sourcecode.c.h; path = WotDEntry.h; sourceTree = "<group>"; };
		BD46272B20799E7300757D5E /* WotDEntry.m */ = {isa = PBXFileReference; lastKnownFileType = sourcecode.c.objc; path = WotDEntry.m; sourceTree = "<group>"; };
		BDBB4C6020740093006071F5 /* wotd-list-gen */ = {isa = PBXFileReference; explicitFileType = "compiled.mach-o.executable"; includeInIndex = 0; path = "wotd-list-gen"; sourceTree = BUILT_PRODUCTS_DIR; };
		BDBB4C6320740093006071F5 /* main.m */ = {isa = PBXFileReference; lastKnownFileType = sourcecode.c.objc; path = main.m; sourceTree = "<group>"; };
/* End PBXFileReference section */

/* Begin PBXFrameworksBuildPhase section */
		BDBB4C5D20740093006071F5 /* Frameworks */ = {
			isa = PBXFrameworksBuildPhase;
			buildActionMask = 2147483647;
			files = (
				BD416315207401520025050D /* DictionaryServicesWrapper.framework in Frameworks */,
			);
			runOnlyForDeploymentPostprocessing = 0;
		};
/* End PBXFrameworksBuildPhase section */

/* Begin PBXGroup section */
		BD416313207401520025050D /* Frameworks */ = {
			isa = PBXGroup;
			children = (
				BD416314207401520025050D /* DictionaryServicesWrapper.framework */,
			);
			name = Frameworks;
			sourceTree = "<group>";
		};
		BDBB4C5720740093006071F5 = {
			isa = PBXGroup;
			children = (
				BDBB4C6220740093006071F5 /* wotd-list-gen */,
				BDBB4C6120740093006071F5 /* Products */,
				BD416313207401520025050D /* Frameworks */,
			);
			sourceTree = "<group>";
		};
		BDBB4C6120740093006071F5 /* Products */ = {
			isa = PBXGroup;
			children = (
				BDBB4C6020740093006071F5 /* wotd-list-gen */,
			);
			name = Products;
			sourceTree = "<group>";
		};
		BDBB4C6220740093006071F5 /* wotd-list-gen */ = {
			isa = PBXGroup;
			children = (
				BDBB4C6320740093006071F5 /* main.m */,
				BD46272A20799E7300757D5E /* WotDEntry.h */,
				BD46272B20799E7300757D5E /* WotDEntry.m */,
			);
			name = "wotd-list-gen";
			path = Source;
			sourceTree = "<group>";
		};
/* End PBXGroup section */

/* Begin PBXNativeTarget section */
		BDBB4C5F20740093006071F5 /* wotd-list-gen */ = {
			isa = PBXNativeTarget;
			buildConfigurationList = BDBB4C6720740093006071F5 /* Build configuration list for PBXNativeTarget "wotd-list-gen" */;
			buildPhases = (
				BDBB4C5C20740093006071F5 /* Sources */,
				BDBB4C5D20740093006071F5 /* Frameworks */,
			);
			buildRules = (
			);
			dependencies = (
			);
			name = "wotd-list-gen";
			productName = "wotd-list-gen";
			productReference = BDBB4C6020740093006071F5 /* wotd-list-gen */;
			productType = "com.apple.product-type.tool";
		};
/* End PBXNativeTarget section */

/* Begin PBXProject section */
		BDBB4C5820740093006071F5 /* Project object */ = {
			isa = PBXProject;
			attributes = {
				LastUpgradeCheck = 0930;
				ORGANIZATIONNAME = "Misterfifths Heavy Industries";
				TargetAttributes = {
					BDBB4C5F20740093006071F5 = {
						CreatedOnToolsVersion = 9.3;
					};
				};
			};
			buildConfigurationList = BDBB4C5B20740093006071F5 /* Build configuration list for PBXProject "wotd-list-gen" */;
			compatibilityVersion = "Xcode 9.3";
			developmentRegion = en;
			hasScannedForEncodings = 0;
			knownRegions = (
				en,
			);
			mainGroup = BDBB4C5720740093006071F5;
			productRefGroup = BDBB4C6120740093006071F5 /* Products */;
			projectDirPath = "";
			projectRoot = "";
			targets = (
				BDBB4C5F20740093006071F5 /* wotd-list-gen */,
			);
		};
/* End PBXProject section */

/* Begin PBXSourcesBuildPhase section */
		BDBB4C5C20740093006071F5 /* Sources */ = {
			isa = PBXSourcesBuildPhase;
			buildActionMask = 2147483647;
			files = (
				BDBB4C6420740093006071F5 /* main.m in Sources */,
				BD46272C20799E7300757D5E /* WotDEntry.m in Sources */,
			);
			runOnlyForDeploymentPostprocessing = 0;
		};
/* End PBXSourcesBuildPhase section */

/* Begin XCBuildConfiguration section */
		BDBB4C6520740093006071F5 /* Debug */ = {
			isa = XCBuildConfiguration;
			buildSettings = {
				ALWAYS_SEARCH_USER_PATHS = NO;
				CLANG_ANALYZER_NONNULL = YES;
				CLANG_ANALYZER_NUMBER_OBJECT_CONVERSION = YES_AGGRESSIVE;
				CLANG_CXX_LANGUAGE_STANDARD = "gnu++14";
				CLANG_CXX_LIBRARY = "libc++";
				CLANG_ENABLE_MODULES = YES;
				CLANG_ENABLE_OBJC_ARC = YES;
				CLANG_ENABLE_OBJC_WEAK = YES;
				CLANG_WARN_BLOCK_CAPTURE_AUTORELEASING = YES;
				CLANG_WARN_BOOL_CONVERSION = YES;
				CLANG_WARN_COMMA = YES;
				CLANG_WARN_CONSTANT_CONVERSION = YES;
				CLANG_WARN_DEPRECATED_OBJC_IMPLEMENTATIONS = YES;
				CLANG_WARN_DIRECT_OBJC_ISA_USAGE = YES_ERROR;
				CLANG_WARN_DOCUMENTATION_COMMENTS = YES;
				CLANG_WARN_EMPTY_BODY = YES;
				CLANG_WARN_ENUM_CONVERSION = YES;
				CLANG_WARN_INFINITE_RECURSION = YES;
				CLANG_WARN_INT_CONVERSION = YES;
				CLANG_WARN_NON_LITERAL_NULL_CONVERSION = YES;
				CLANG_WARN_OBJC_IMPLICIT_RETAIN_SELF = YES;
				CLANG_WARN_OBJC_LITERAL_CONVERSION = YES;
				CLANG_WARN_OBJC_ROOT_CLASS = YES_ERROR;
				CLANG_WARN_RANGE_LOOP_ANALYSIS = YES;
				CLANG_WARN_STRICT_PROTOTYPES = YES;
				CLANG_WARN_SUSPICIOUS_MOVE = YES;
				CLANG_WARN_UNGUARDED_AVAILABILITY = YES_AGGRESSIVE;
				CLANG_WARN_UNREACHABLE_CODE = YES;
				CLANG_WARN__DUPLICATE_METHOD_MATCH = YES;
				CODE_SIGN_IDENTITY = "Mac Developer";
				COPY_PHASE_STRIP = NO;
				DEBUG_INFORMATION_FORMAT = dwarf;
				ENABLE_STRICT_OBJC_MSGSEND = YES;
				ENABLE_TESTABILITY = YES;
				GCC_C_LANGUAGE_STANDARD = gnu11;
				GCC_DYNAMIC_NO_PIC = NO;
				GCC_NO_COMMON_BLOCKS = YES;
				GCC_OPTIMIZATION_LEVEL = 0;
				GCC_PREPROCESSOR_DEFINITIONS = (
					"DEBUG=1",
					"$(inherited)",
				);
				GCC_WARN_64_TO_32_BIT_CONVERSION = YES;
				GCC_WARN_ABOUT_RETURN_TYPE = YES_ERROR;
				GCC_WARN_UNDECLARED_SELECTOR = YES;
				GCC_WARN_UNINITIALIZED_AUTOS = YES_AGGRESSIVE;
				GCC_WARN_UNUSED_FUNCTION = YES;
				GCC_WARN_UNUSED_VARIABLE = YES;
				MACOSX_DEPLOYMENT_TARGET = 10.13;
				MTL_ENABLE_DEBUG_INFO = YES;
				ONLY_ACTIVE_ARCH = YES;
				SDKROOT = macosx;
			};
			name = Debug;
		};
		BDBB4C6620740093006071F5 /* Release */ = {
			isa = XCBuildConfiguration;
			buildSettings = {
				ALWAYS_SEARCH_USER_PATHS = NO;
				CLANG_ANALYZER_NONNULL = YES;
				CLANG_ANALYZER_NUMBER_OBJECT_CONVERSION = YES_AGGRESSIVE;
				CLANG_CXX_LANGUAGE_STANDARD = "gnu++14";
				CLANG_CXX_LIBRARY = "libc++";
				CLANG_ENABLE_MODULES = YES;
				CLANG_ENABLE_OBJC_ARC = YES;
				CLANG_ENABLE_OBJC_WEAK = YES;
				CLANG_WARN_BLOCK_CAPTURE_AUTORELEASING = YES;
				CLANG_WARN_BOOL_CONVERSION = YES;
				CLANG_WARN_COMMA = YES;
				CLANG_WARN_CONSTANT_CONVERSION = YES;
				CLANG_WARN_DEPRECATED_OBJC_IMPLEMENTATIONS = YES;
				CLANG_WARN_DIRECT_OBJC_ISA_USAGE = YES_ERROR;
				CLANG_WARN_DOCUMENTATION_COMMENTS = YES;
				CLANG_WARN_EMPTY_BODY = YES;
				CLANG_WARN_ENUM_CONVERSION = YES;
				CLANG_WARN_INFINITE_RECURSION = YES;
				CLANG_WARN_INT_CONVERSION = YES;
				CLANG_WARN_NON_LITERAL_NULL_CONVERSION = YES;
				CLANG_WARN_OBJC_IMPLICIT_RETAIN_SELF = YES;
				CLANG_WARN_OBJC_LITERAL_CONVERSION = YES;
				CLANG_WARN_OBJC_ROOT_CLASS = YES_ERROR;
				CLANG_WARN_RANGE_LOOP_ANALYSIS = YES;
				CLANG_WARN_STRICT_PROTOTYPES = YES;
				CLANG_WARN_SUSPICIOUS_MOVE = YES;
				CLANG_WARN_UNGUARDED_AVAILABILITY = YES_AGGRESSIVE;
				CLANG_WARN_UNREACHABLE_CODE = YES;
				CLANG_WARN__DUPLICATE_METHOD_MATCH = YES;
				CODE_SIGN_IDENTITY = "Mac Developer";
				COPY_PHASE_STRIP = NO;
				DEBUG_INFORMATION_FORMAT = "dwarf-with-dsym";
				ENABLE_NS_ASSERTIONS = NO;
				ENABLE_STRICT_OBJC_MSGSEND = YES;
				GCC_C_LANGUAGE_STANDARD = gnu11;
				GCC_NO_COMMON_BLOCKS = YES;
				GCC_WARN_64_TO_32_BIT_CONVERSION = YES;
				GCC_WARN_ABOUT_RETURN_TYPE = YES_ERROR;
				GCC_WARN_UNDECLARED_SELECTOR = YES;
				GCC_WARN_UNINITIALIZED_AUTOS = YES_AGGRESSIVE;
				GCC_WARN_UNUSED_FUNCTION = YES;
				GCC_WARN_UNUSED_VARIABLE = YES;
				MACOSX_DEPLOYMENT_TARGET = 10.13;
				MTL_ENABLE_DEBUG_INFO = NO;
				SDKROOT = macosx;
			};
			name = Release;
		};
		BDBB4C6820740093006071F5 /* Debug */ = {
			isa = XCBuildConfiguration;
			buildSettings = {
				CLANG_STATIC_ANALYZER_MODE = deep;
				CODE_SIGN_STYLE = Automatic;
				DEVELOPMENT_TEAM = 9H94YF52ZT;
				PRODUCT_NAME = "$(TARGET_NAME)";
				RUN_CLANG_STATIC_ANALYZER = YES;
				WARNING_CFLAGS = (
					"-Wall",
					"-Wpedantic",
					"-Weverything",
					"-Wno-auto-import",
					"-Wno-objc-missing-property-synthesis",
					"-Wno-direct-ivar-access",
					"-Wno-gnu-conditional-omitted-operand",
					"-Wno-gnu-zero-variadic-macro-arguments",
				);
			};
			name = Debug;
		};
		BDBB4C6920740093006071F5 /* Release */ = {
			isa = XCBuildConfiguration;
			buildSettings = {
				CLANG_STATIC_ANALYZER_MODE = deep;
				CODE_SIGN_STYLE = Automatic;
				DEVELOPMENT_TEAM = 9H94YF52ZT;
				PRODUCT_NAME = "$(TARGET_NAME)";
				RUN_CLANG_STATIC_ANALYZER = YES;
				WARNING_CFLAGS = (
					"-Wall",
					"-Wpedantic",
					"-Weverything",
					"-Wno-auto-import",
					"-Wno-objc-missing-property-synthesis",
					"-Wno-direct-ivar-access",
					"-Wno-gnu-conditional-omitted-operand",
					"-Wno-gnu-zero-variadic-macro-arguments",
				);
			};
			name = Release;
		};
/* End XCBuildConfiguration section */

/* Begin XCConfigurationList section */
		BDBB4C5B20740093006071F5 /* Build configuration list for PBXProject "wotd-list-gen" */ = {
			isa = XCConfigurationList;
			buildConfigurations = (
				BDBB4C6520740093006071F5 /* Debug */,
				BDBB4C6620740093006071F5 /* Release */,
			);
			defaultConfigurationIsVisible = 0;
			defaultConfigurationName = Release;
		};
		BDBB4C6720740093006071F5 /* Build configuration list for PBXNativeTarget "wotd-list-gen" */ = {
			isa = XCConfigurationList;
			buildConfigurations = (
				BDBB4C6820740093006071F5 /* Debug */,
				BDBB4C6920740093006071F5 /* Release */,
			);
			defaultConfigurationIsVisible = 0;
			defaultConfigurationName = Release;
		};
/* End XCConfigurationList section */
	};
	rootObject = BDBB4C5820740093006071F5 /* Project object */;
}
